
Microsoft Visual Studio Solution File, Format Version 12.00
# Visual Studio Version 16
VisualStudioVersion = 16.0.31112.23
MinimumVisualStudioVersion = 10.0.40219.1
Project("{9A19103F-16F7-4668-BE54-9A1E7A4F7556}") = "LambdaFunction", "LambdaFunction.csproj", "{6CB08E8B-2427-45C9-8A64-1C1B04077015}"
EndProject
Global
	GlobalSection(SolutionConfigurationPlatforms) = preSolution
		Debug|Any CPU = Debug|Any CPU
		Release|Any CPU = Release|Any CPU
	EndGlobalSection
	GlobalSection(ProjectConfigurationPlatforms) = postSolution
		{6CB08E8B-2427-45C9-8A64-1C1B04077015}.Debug|Any CPU.ActiveCfg = Debug|Any CPU
		{6CB08E8B-2427-45C9-8A64-1C1B04077015}.Debug|Any CPU.Build.0 = Debug|Any CPU
		{6CB08E8B-2427-45C9-8A64-1C1B04077015}.Release|Any CPU.ActiveCfg = Release|Any CPU
		{6CB08E8B-2427-45C9-8A64-1C1B04077015}.Release|Any CPU.Build.0 = Release|Any CPU
	EndGlobalSection
	GlobalSection(SolutionProperties) = preSolution
		HideSolutionNode = FALSE
	EndGlobalSection
	GlobalSection(ExtensibilityGlobals) = postSolution
		SolutionGuid = {DABEE1A8-ECE9-44CE-9EE4-649A8961652A}
	EndGlobalSection
EndGlobal
